
Microsoft Visual Studio Solution File, Format Version 12.00
# Visual Studio Version 17
VisualStudioVersion = 17.12.35707.178
MinimumVisualStudioVersion = 10.0.40219.1
Project("{FAE04EC0-301F-11D3-BF4B-00C04F79EFBC}") = "Task 1_1", "Task 1_1\Task 1_1.csproj", "{CA57EF8A-ADCE-4E7C-A2A0-7E108B1A4913}"
EndProject
Project("{FAE04EC0-301F-11D3-BF4B-00C04F79EFBC}") = "Less2_Task_1", "Less2_Tasks\Less2_Task_1.csproj", "{E838CDE8-08AD-4672-AEF7-98EC37812F17}"
EndProject
Project("{FAE04EC0-301F-11D3-BF4B-00C04F79EFBC}") = "Less2_Task_2", "Less2_Task_2\Less2_Task_2.csproj", "{EEF188EF-E32A-497D-9D89-E22AA495FAB4}"
EndProject
Project("{FAE04EC0-301F-11D3-BF4B-00C04F79EFBC}") = "Less2_Task_3", "Less2_Task_3\Less2_Task_3.csproj", "{034B2C29-7B23-4CBF-AD7D-103AF6C8A96D}"
EndProject
Project("{FAE04EC0-301F-11D3-BF4B-00C04F79EFBC}") = "Less2_Task_4", "Less2_Task_4\Less2_Task_4.csproj", "{A773106F-62D7-4CB4-96F3-B5284E368065}"
EndProject
Project("{FAE04EC0-301F-11D3-BF4B-00C04F79EFBC}") = "Less2_Task_5", "Less2_Task_5\Less2_Task_5.csproj", "{F6435B16-B2FD-4B35-8C39-730610ED8B25}"
EndProject
Project("{2150E333-8FDC-42A3-9474-1A3956D46DE8}") = "Example4", "Example4", "{0946A846-8769-4B2C-A7DD-434A6F4051AA}"
EndProject
Project("{FAE04EC0-301F-11D3-BF4B-00C04F79EFBC}") = "Example4_Task1", "Example4_Task1\Example4_Task1.csproj", "{835DCD84-FF68-4175-A85A-03AF713E2238}"
EndProject
Project("{FAE04EC0-301F-11D3-BF4B-00C04F79EFBC}") = "Example4_Task2", "Example4_Task2\Example4_Task2.csproj", "{19C7835A-278B-4FB1-A3DB-B2FB73537FDB}"
EndProject
Project("{FAE04EC0-301F-11D3-BF4B-00C04F79EFBC}") = "Example4_task3", "Example4_task3\Example4_task3.csproj", "{4066D836-ACFC-4217-819A-7C0F34062439}"
EndProject
Project("{FAE04EC0-301F-11D3-BF4B-00C04F79EFBC}") = "Example4_Task4", "Example4_Task4\Example4_Task4.csproj", "{E140CA3F-9768-4E18-915E-16E100EFC9D1}"
EndProject
Project("{FAE04EC0-301F-11D3-BF4B-00C04F79EFBC}") = "Example4_Task5", "Example4_Task5\Example4_Task5.csproj", "{5ADC5B44-AB26-4F83-854D-F8224B3A9410}"
EndProject
Project("{FAE04EC0-301F-11D3-BF4B-00C04F79EFBC}") = "Example4_Task6", "Example4_Task6\Example4_Task6.csproj", "{CA4392B5-4267-4F37-88CA-5EF4B41A978A}"
EndProject
Project("{FAE04EC0-301F-11D3-BF4B-00C04F79EFBC}") = "Example4_Task7", "Example4_Task7\Example4_Task7.csproj", "{6C51F728-E51A-4A56-8A30-AAD41BCF6B46}"
EndProject
Project("{FAE04EC0-301F-11D3-BF4B-00C04F79EFBC}") = "Example4_Task8", "Example4_Task8\Example4_Task8.csproj", "{3CD3A5FB-5453-4311-A08D-52057E4A3A61}"
EndProject
Project("{2150E333-8FDC-42A3-9474-1A3956D46DE8}") = "Example5", "Example5", "{1F685C20-99F0-4077-89E1-EC97E22CCBD3}"
EndProject
Project("{FAE04EC0-301F-11D3-BF4B-00C04F79EFBC}") = "Example5_Task1_1", "Example5_Task1_1\Example5_Task1_1.csproj", "{8F000223-72D4-4EDF-ABA8-EF71F65BBE3F}"
EndProject
Project("{FAE04EC0-301F-11D3-BF4B-00C04F79EFBC}") = "Example5_Task2_2", "Example5_Task2_2\Example5_Task2_2.csproj", "{C736084D-E3B0-4B99-BEDC-E64D732D024D}"
EndProject
Project("{FAE04EC0-301F-11D3-BF4B-00C04F79EFBC}") = "Example5_Task3_3", "Example5_Task3_3\Example5_Task3_3.csproj", "{B78F1F12-CB74-4DC5-9199-0E6E9E541A6D}"
EndProject
Project("{FAE04EC0-301F-11D3-BF4B-00C04F79EFBC}") = "Example5_Task4_4", "Example5_Task4_4\Example5_Task4_4.csproj", "{BA3555ED-7363-4614-90EB-5A534F67827E}"
EndProject
Project("{FAE04EC0-301F-11D3-BF4B-00C04F79EFBC}") = "Example5_Task5_5", "Example5_Task5_5\Example5_Task5_5.csproj", "{8046AC89-44EA-45D6-AA21-80B2D113B9BE}"
EndProject
Project("{FAE04EC0-301F-11D3-BF4B-00C04F79EFBC}") = "Example5_Task6_6", "Example5_Task6_6\Example5_Task6_6.csproj", "{159CC6D6-F8BB-43EC-924C-0CC02DA170EC}"
EndProject
Project("{FAE04EC0-301F-11D3-BF4B-00C04F79EFBC}") = "Example5_Task7_7", "Example5_Task7_7\Example5_Task7_7.csproj", "{266ADBA5-18A8-41E0-A12E-9D968F76EF41}"
EndProject
Project("{2150E333-8FDC-42A3-9474-1A3956D46DE8}") = "Example8", "Example8", "{36D591C7-65C7-A0D1-1CBC-10CDE441BDC8}"
EndProject
Project("{FAE04EC0-301F-11D3-BF4B-00C04F79EFBC}") = "Examole8_Task1", "Examole8_Task1\Examole8_Task1.csproj", "{EE3AFCC0-B1EC-4B4E-AE10-9BDAACCFFD88}"
EndProject
Project("{FAE04EC0-301F-11D3-BF4B-00C04F79EFBC}") = "Example8_Task1", "Example8_Task1\Example8_Task1.csproj", "{EF3EE7E9-F9CC-4B90-877D-37CFEBBA418F}"
EndProject
Global
	GlobalSection(SolutionConfigurationPlatforms) = preSolution
		Debug|Any CPU = Debug|Any CPU
		Release|Any CPU = Release|Any CPU
	EndGlobalSection
	GlobalSection(ProjectConfigurationPlatforms) = postSolution
		{CA57EF8A-ADCE-4E7C-A2A0-7E108B1A4913}.Debug|Any CPU.ActiveCfg = Debug|Any CPU
		{CA57EF8A-ADCE-4E7C-A2A0-7E108B1A4913}.Debug|Any CPU.Build.0 = Debug|Any CPU
		{CA57EF8A-ADCE-4E7C-A2A0-7E108B1A4913}.Release|Any CPU.ActiveCfg = Release|Any CPU
		{CA57EF8A-ADCE-4E7C-A2A0-7E108B1A4913}.Release|Any CPU.Build.0 = Release|Any CPU
		{E838CDE8-08AD-4672-AEF7-98EC37812F17}.Debug|Any CPU.ActiveCfg = Debug|Any CPU
		{E838CDE8-08AD-4672-AEF7-98EC37812F17}.Debug|Any CPU.Build.0 = Debug|Any CPU
		{E838CDE8-08AD-4672-AEF7-98EC37812F17}.Release|Any CPU.ActiveCfg = Release|Any CPU
		{E838CDE8-08AD-4672-AEF7-98EC37812F17}.Release|Any CPU.Build.0 = Release|Any CPU
		{EEF188EF-E32A-497D-9D89-E22AA495FAB4}.Debug|Any CPU.ActiveCfg = Debug|Any CPU
		{EEF188EF-E32A-497D-9D89-E22AA495FAB4}.Debug|Any CPU.Build.0 = Debug|Any CPU
		{EEF188EF-E32A-497D-9D89-E22AA495FAB4}.Release|Any CPU.ActiveCfg = Release|Any CPU
		{EEF188EF-E32A-497D-9D89-E22AA495FAB4}.Release|Any CPU.Build.0 = Release|Any CPU
		{034B2C29-7B23-4CBF-AD7D-103AF6C8A96D}.Debug|Any CPU.ActiveCfg = Debug|Any CPU
		{034B2C29-7B23-4CBF-AD7D-103AF6C8A96D}.Debug|Any CPU.Build.0 = Debug|Any CPU
		{034B2C29-7B23-4CBF-AD7D-103AF6C8A96D}.Release|Any CPU.ActiveCfg = Release|Any CPU
		{034B2C29-7B23-4CBF-AD7D-103AF6C8A96D}.Release|Any CPU.Build.0 = Release|Any CPU
		{A773106F-62D7-4CB4-96F3-B5284E368065}.Debug|Any CPU.ActiveCfg = Debug|Any CPU
		{A773106F-62D7-4CB4-96F3-B5284E368065}.Debug|Any CPU.Build.0 = Debug|Any CPU
		{A773106F-62D7-4CB4-96F3-B5284E368065}.Release|Any CPU.ActiveCfg = Release|Any CPU
		{A773106F-62D7-4CB4-96F3-B5284E368065}.Release|Any CPU.Build.0 = Release|Any CPU
		{F6435B16-B2FD-4B35-8C39-730610ED8B25}.Debug|Any CPU.ActiveCfg = Debug|Any CPU
		{F6435B16-B2FD-4B35-8C39-730610ED8B25}.Debug|Any CPU.Build.0 = Debug|Any CPU
		{F6435B16-B2FD-4B35-8C39-730610ED8B25}.Release|Any CPU.ActiveCfg = Release|Any CPU
		{F6435B16-B2FD-4B35-8C39-730610ED8B25}.Release|Any CPU.Build.0 = Release|Any CPU
		{835DCD84-FF68-4175-A85A-03AF713E2238}.Debug|Any CPU.ActiveCfg = Debug|Any CPU
		{835DCD84-FF68-4175-A85A-03AF713E2238}.Debug|Any CPU.Build.0 = Debug|Any CPU
		{835DCD84-FF68-4175-A85A-03AF713E2238}.Release|Any CPU.ActiveCfg = Release|Any CPU
		{835DCD84-FF68-4175-A85A-03AF713E2238}.Release|Any CPU.Build.0 = Release|Any CPU
		{19C7835A-278B-4FB1-A3DB-B2FB73537FDB}.Debug|Any CPU.ActiveCfg = Debug|Any CPU
		{19C7835A-278B-4FB1-A3DB-B2FB73537FDB}.Debug|Any CPU.Build.0 = Debug|Any CPU
		{19C7835A-278B-4FB1-A3DB-B2FB73537FDB}.Release|Any CPU.ActiveCfg = Release|Any CPU
		{19C7835A-278B-4FB1-A3DB-B2FB73537FDB}.Release|Any CPU.Build.0 = Release|Any CPU
		{4066D836-ACFC-4217-819A-7C0F34062439}.Debug|Any CPU.ActiveCfg = Debug|Any CPU
		{4066D836-ACFC-4217-819A-7C0F34062439}.Debug|Any CPU.Build.0 = Debug|Any CPU
		{4066D836-ACFC-4217-819A-7C0F34062439}.Release|Any CPU.ActiveCfg = Release|Any CPU
		{4066D836-ACFC-4217-819A-7C0F34062439}.Release|Any CPU.Build.0 = Release|Any CPU
		{E140CA3F-9768-4E18-915E-16E100EFC9D1}.Debug|Any CPU.ActiveCfg = Debug|Any CPU
		{E140CA3F-9768-4E18-915E-16E100EFC9D1}.Debug|Any CPU.Build.0 = Debug|Any CPU
		{E140CA3F-9768-4E18-915E-16E100EFC9D1}.Release|Any CPU.ActiveCfg = Release|Any CPU
		{E140CA3F-9768-4E18-915E-16E100EFC9D1}.Release|Any CPU.Build.0 = Release|Any CPU
		{5ADC5B44-AB26-4F83-854D-F8224B3A9410}.Debug|Any CPU.ActiveCfg = Debug|Any CPU
		{5ADC5B44-AB26-4F83-854D-F8224B3A9410}.Debug|Any CPU.Build.0 = Debug|Any CPU
		{5ADC5B44-AB26-4F83-854D-F8224B3A9410}.Release|Any CPU.ActiveCfg = Release|Any CPU
		{5ADC5B44-AB26-4F83-854D-F8224B3A9410}.Release|Any CPU.Build.0 = Release|Any CPU
		{CA4392B5-4267-4F37-88CA-5EF4B41A978A}.Debug|Any CPU.ActiveCfg = Debug|Any CPU
		{CA4392B5-4267-4F37-88CA-5EF4B41A978A}.Debug|Any CPU.Build.0 = Debug|Any CPU
		{CA4392B5-4267-4F37-88CA-5EF4B41A978A}.Release|Any CPU.ActiveCfg = Release|Any CPU
		{CA4392B5-4267-4F37-88CA-5EF4B41A978A}.Release|Any CPU.Build.0 = Release|Any CPU
		{6C51F728-E51A-4A56-8A30-AAD41BCF6B46}.Debug|Any CPU.ActiveCfg = Debug|Any CPU
		{6C51F728-E51A-4A56-8A30-AAD41BCF6B46}.Debug|Any CPU.Build.0 = Debug|Any CPU
		{6C51F728-E51A-4A56-8A30-AAD41BCF6B46}.Release|Any CPU.ActiveCfg = Release|Any CPU
		{6C51F728-E51A-4A56-8A30-AAD41BCF6B46}.Release|Any CPU.Build.0 = Release|Any CPU
		{3CD3A5FB-5453-4311-A08D-52057E4A3A61}.Debug|Any CPU.ActiveCfg = Debug|Any CPU
		{3CD3A5FB-5453-4311-A08D-52057E4A3A61}.Debug|Any CPU.Build.0 = Debug|Any CPU
		{3CD3A5FB-5453-4311-A08D-52057E4A3A61}.Release|Any CPU.ActiveCfg = Release|Any CPU
		{3CD3A5FB-5453-4311-A08D-52057E4A3A61}.Release|Any CPU.Build.0 = Release|Any CPU
		{8F000223-72D4-4EDF-ABA8-EF71F65BBE3F}.Debug|Any CPU.ActiveCfg = Debug|Any CPU
		{8F000223-72D4-4EDF-ABA8-EF71F65BBE3F}.Debug|Any CPU.Build.0 = Debug|Any CPU
		{8F000223-72D4-4EDF-ABA8-EF71F65BBE3F}.Release|Any CPU.ActiveCfg = Release|Any CPU
		{8F000223-72D4-4EDF-ABA8-EF71F65BBE3F}.Release|Any CPU.Build.0 = Release|Any CPU
		{C736084D-E3B0-4B99-BEDC-E64D732D024D}.Debug|Any CPU.ActiveCfg = Debug|Any CPU
		{C736084D-E3B0-4B99-BEDC-E64D732D024D}.Debug|Any CPU.Build.0 = Debug|Any CPU
		{C736084D-E3B0-4B99-BEDC-E64D732D024D}.Release|Any CPU.ActiveCfg = Release|Any CPU
		{C736084D-E3B0-4B99-BEDC-E64D732D024D}.Release|Any CPU.Build.0 = Release|Any CPU
		{B78F1F12-CB74-4DC5-9199-0E6E9E541A6D}.Debug|Any CPU.ActiveCfg = Debug|Any CPU
		{B78F1F12-CB74-4DC5-9199-0E6E9E541A6D}.Debug|Any CPU.Build.0 = Debug|Any CPU
		{B78F1F12-CB74-4DC5-9199-0E6E9E541A6D}.Release|Any CPU.ActiveCfg = Release|Any CPU
		{B78F1F12-CB74-4DC5-9199-0E6E9E541A6D}.Release|Any CPU.Build.0 = Release|Any CPU
		{BA3555ED-7363-4614-90EB-5A534F67827E}.Debug|Any CPU.ActiveCfg = Debug|Any CPU
		{BA3555ED-7363-4614-90EB-5A534F67827E}.Debug|Any CPU.Build.0 = Debug|Any CPU
		{BA3555ED-7363-4614-90EB-5A534F67827E}.Release|Any CPU.ActiveCfg = Release|Any CPU
		{BA3555ED-7363-4614-90EB-5A534F67827E}.Release|Any CPU.Build.0 = Release|Any CPU
		{8046AC89-44EA-45D6-AA21-80B2D113B9BE}.Debug|Any CPU.ActiveCfg = Debug|Any CPU
		{8046AC89-44EA-45D6-AA21-80B2D113B9BE}.Debug|Any CPU.Build.0 = Debug|Any CPU
		{8046AC89-44EA-45D6-AA21-80B2D113B9BE}.Release|Any CPU.ActiveCfg = Release|Any CPU
		{8046AC89-44EA-45D6-AA21-80B2D113B9BE}.Release|Any CPU.Build.0 = Release|Any CPU
		{159CC6D6-F8BB-43EC-924C-0CC02DA170EC}.Debug|Any CPU.ActiveCfg = Debug|Any CPU
		{159CC6D6-F8BB-43EC-924C-0CC02DA170EC}.Debug|Any CPU.Build.0 = Debug|Any CPU
		{159CC6D6-F8BB-43EC-924C-0CC02DA170EC}.Release|Any CPU.ActiveCfg = Release|Any CPU
		{159CC6D6-F8BB-43EC-924C-0CC02DA170EC}.Release|Any CPU.Build.0 = Release|Any CPU
		{266ADBA5-18A8-41E0-A12E-9D968F76EF41}.Debug|Any CPU.ActiveCfg = Debug|Any CPU
		{266ADBA5-18A8-41E0-A12E-9D968F76EF41}.Debug|Any CPU.Build.0 = Debug|Any CPU
		{266ADBA5-18A8-41E0-A12E-9D968F76EF41}.Release|Any CPU.ActiveCfg = Release|Any CPU
		{266ADBA5-18A8-41E0-A12E-9D968F76EF41}.Release|Any CPU.Build.0 = Release|Any CPU
		{EE3AFCC0-B1EC-4B4E-AE10-9BDAACCFFD88}.Debug|Any CPU.ActiveCfg = Debug|Any CPU
		{EE3AFCC0-B1EC-4B4E-AE10-9BDAACCFFD88}.Debug|Any CPU.Build.0 = Debug|Any CPU
		{EE3AFCC0-B1EC-4B4E-AE10-9BDAACCFFD88}.Release|Any CPU.ActiveCfg = Release|Any CPU
		{EE3AFCC0-B1EC-4B4E-AE10-9BDAACCFFD88}.Release|Any CPU.Build.0 = Release|Any CPU
		{EF3EE7E9-F9CC-4B90-877D-37CFEBBA418F}.Debug|Any CPU.ActiveCfg = Debug|Any CPU
		{EF3EE7E9-F9CC-4B90-877D-37CFEBBA418F}.Debug|Any CPU.Build.0 = Debug|Any CPU
		{EF3EE7E9-F9CC-4B90-877D-37CFEBBA418F}.Release|Any CPU.ActiveCfg = Release|Any CPU
		{EF3EE7E9-F9CC-4B90-877D-37CFEBBA418F}.Release|Any CPU.Build.0 = Release|Any CPU
	EndGlobalSection
	GlobalSection(SolutionProperties) = preSolution
		HideSolutionNode = FALSE
	EndGlobalSection
	GlobalSection(NestedProjects) = preSolution
		{835DCD84-FF68-4175-A85A-03AF713E2238} = {0946A846-8769-4B2C-A7DD-434A6F4051AA}
		{19C7835A-278B-4FB1-A3DB-B2FB73537FDB} = {0946A846-8769-4B2C-A7DD-434A6F4051AA}
		{4066D836-ACFC-4217-819A-7C0F34062439} = {0946A846-8769-4B2C-A7DD-434A6F4051AA}
		{E140CA3F-9768-4E18-915E-16E100EFC9D1} = {0946A846-8769-4B2C-A7DD-434A6F4051AA}
		{5ADC5B44-AB26-4F83-854D-F8224B3A9410} = {0946A846-8769-4B2C-A7DD-434A6F4051AA}
		{CA4392B5-4267-4F37-88CA-5EF4B41A978A} = {0946A846-8769-4B2C-A7DD-434A6F4051AA}
		{6C51F728-E51A-4A56-8A30-AAD41BCF6B46} = {0946A846-8769-4B2C-A7DD-434A6F4051AA}
		{3CD3A5FB-5453-4311-A08D-52057E4A3A61} = {0946A846-8769-4B2C-A7DD-434A6F4051AA}
		{8F000223-72D4-4EDF-ABA8-EF71F65BBE3F} = {1F685C20-99F0-4077-89E1-EC97E22CCBD3}
		{C736084D-E3B0-4B99-BEDC-E64D732D024D} = {1F685C20-99F0-4077-89E1-EC97E22CCBD3}
		{B78F1F12-CB74-4DC5-9199-0E6E9E541A6D} = {1F685C20-99F0-4077-89E1-EC97E22CCBD3}
		{BA3555ED-7363-4614-90EB-5A534F67827E} = {1F685C20-99F0-4077-89E1-EC97E22CCBD3}
		{8046AC89-44EA-45D6-AA21-80B2D113B9BE} = {1F685C20-99F0-4077-89E1-EC97E22CCBD3}
		{159CC6D6-F8BB-43EC-924C-0CC02DA170EC} = {1F685C20-99F0-4077-89E1-EC97E22CCBD3}
		{266ADBA5-18A8-41E0-A12E-9D968F76EF41} = {1F685C20-99F0-4077-89E1-EC97E22CCBD3}
		{EE3AFCC0-B1EC-4B4E-AE10-9BDAACCFFD88} = {36D591C7-65C7-A0D1-1CBC-10CDE441BDC8}
		{EF3EE7E9-F9CC-4B90-877D-37CFEBBA418F} = {36D591C7-65C7-A0D1-1CBC-10CDE441BDC8}
	EndGlobalSection
	GlobalSection(ExtensibilityGlobals) = postSolution
		SolutionGuid = {E810698F-1960-4B22-A8FA-D05E1E4D426F}
	EndGlobalSection
EndGlobal
