
Microsoft Visual Studio Solution File, Format Version 12.00
# Visual Studio Version 17
VisualStudioVersion = 17.12.35707.178
MinimumVisualStudioVersion = 10.0.40219.1
Project("{FAE04EC0-301F-11D3-BF4B-00C04F79EFBC}") = "Task 1_1", "Task 1_1\Task 1_1.csproj", "{CA57EF8A-ADCE-4E7C-A2A0-7E108B1A4913}"
EndProject
Project("{FAE04EC0-301F-11D3-BF4B-00C04F79EFBC}") = "Less2_Task_1", "Less2_Tasks\Less2_Task_1.csproj", "{E838CDE8-08AD-4672-AEF7-98EC37812F17}"
EndProject
Project("{FAE04EC0-301F-11D3-BF4B-00C04F79EFBC}") = "Less2_Task_2", "Less2_Task_2\Less2_Task_2.csproj", "{EEF188EF-E32A-497D-9D89-E22AA495FAB4}"
EndProject
Project("{FAE04EC0-301F-11D3-BF4B-00C04F79EFBC}") = "Less2_Task_3", "Less2_Task_3\Less2_Task_3.csproj", "{034B2C29-7B23-4CBF-AD7D-103AF6C8A96D}"
EndProject
Project("{FAE04EC0-301F-11D3-BF4B-00C04F79EFBC}") = "Less2_Task_4", "Less2_Task_4\Less2_Task_4.csproj", "{A773106F-62D7-4CB4-96F3-B5284E368065}"
EndProject
Project("{FAE04EC0-301F-11D3-BF4B-00C04F79EFBC}") = "Less2_Task_5", "Less2_Task_5\Less2_Task_5.csproj", "{F6435B16-B2FD-4B35-8C39-730610ED8B25}"
EndProject
Project("{FAE04EC0-301F-11D3-BF4B-00C04F79EFBC}") = "Example2_Task1", "Example2_Task1\Example2_Task1.csproj", "{89BEF885-10C8-4471-A798-5409F546C12D}"
EndProject
Project("{FAE04EC0-301F-11D3-BF4B-00C04F79EFBC}") = "Example2_Task2", "Example2_Task2\Example2_Task2.csproj", "{A6977135-F812-4B6E-91CD-E2AB9A0227BB}"
EndProject
Project("{FAE04EC0-301F-11D3-BF4B-00C04F79EFBC}") = "Example2_Task3", "Example2_Task3\Example2_Task3.csproj", "{D64C16C0-637D-4C14-8A2D-35B5583F2009}"
EndProject
Project("{2150E333-8FDC-42A3-9474-1A3956D46DE8}") = "Example2", "Example2", "{9CDF227A-443F-4214-BFBE-3A107F4B1114}"
EndProject
Project("{FAE04EC0-301F-11D3-BF4B-00C04F79EFBC}") = "Example2_Task4", "Example2_Task4\Example2_Task4.csproj", "{151DBDA4-7E56-483B-B5F7-0586D5640EFC}"
EndProject
Project("{FAE04EC0-301F-11D3-BF4B-00C04F79EFBC}") = "Example2_Task5", "Example2_Task5\Example2_Task5.csproj", "{26263C1D-06C8-483F-BC3D-7E8049EA11CF}"
EndProject
Project("{FAE04EC0-301F-11D3-BF4B-00C04F79EFBC}") = "Example2_Task6", "Example2_Task6\Example2_Task6.csproj", "{976725DE-6104-45C3-9F9B-812F24F1C48D}"
EndProject
Project("{FAE04EC0-301F-11D3-BF4B-00C04F79EFBC}") = "Example2_Task7", "Example2_Task7\Example2_Task7.csproj", "{9D2332D4-FD1D-4482-B27F-E595BC8A2846}"
EndProject
Project("{FAE04EC0-301F-11D3-BF4B-00C04F79EFBC}") = "Example2_Task8", "E[ample2_Task8\Example2_Task8.csproj", "{9692FDB9-C9E8-4C76-A7A9-B3EE2FC9F4B4}"
EndProject
Project("{FAE04EC0-301F-11D3-BF4B-00C04F79EFBC}") = "Example2_Task9", "Example2_Task9\Example2_Task9.csproj", "{53D563E3-5B88-48C8-9196-8BA7BEC28806}"
EndProject
Project("{FAE04EC0-301F-11D3-BF4B-00C04F79EFBC}") = "Example2_Task10", "Example2_Task10\Example2_Task10.csproj", "{7D4679E8-E393-40FF-BF6D-1293E6CB5894}"
EndProject
Project("{FAE04EC0-301F-11D3-BF4B-00C04F79EFBC}") = "Example2_Task12", "Example2_Task12\Example2_Task12.csproj", "{EFB84BFB-8858-415B-A2C4-9321F905BDBF}"
EndProject
Global
	GlobalSection(SolutionConfigurationPlatforms) = preSolution
		Debug|Any CPU = Debug|Any CPU
		Release|Any CPU = Release|Any CPU
	EndGlobalSection
	GlobalSection(ProjectConfigurationPlatforms) = postSolution
		{CA57EF8A-ADCE-4E7C-A2A0-7E108B1A4913}.Debug|Any CPU.ActiveCfg = Debug|Any CPU
		{CA57EF8A-ADCE-4E7C-A2A0-7E108B1A4913}.Debug|Any CPU.Build.0 = Debug|Any CPU
		{CA57EF8A-ADCE-4E7C-A2A0-7E108B1A4913}.Release|Any CPU.ActiveCfg = Release|Any CPU
		{CA57EF8A-ADCE-4E7C-A2A0-7E108B1A4913}.Release|Any CPU.Build.0 = Release|Any CPU
		{E838CDE8-08AD-4672-AEF7-98EC37812F17}.Debug|Any CPU.ActiveCfg = Debug|Any CPU
		{E838CDE8-08AD-4672-AEF7-98EC37812F17}.Debug|Any CPU.Build.0 = Debug|Any CPU
		{E838CDE8-08AD-4672-AEF7-98EC37812F17}.Release|Any CPU.ActiveCfg = Release|Any CPU
		{E838CDE8-08AD-4672-AEF7-98EC37812F17}.Release|Any CPU.Build.0 = Release|Any CPU
		{EEF188EF-E32A-497D-9D89-E22AA495FAB4}.Debug|Any CPU.ActiveCfg = Debug|Any CPU
		{EEF188EF-E32A-497D-9D89-E22AA495FAB4}.Debug|Any CPU.Build.0 = Debug|Any CPU
		{EEF188EF-E32A-497D-9D89-E22AA495FAB4}.Release|Any CPU.ActiveCfg = Release|Any CPU
		{EEF188EF-E32A-497D-9D89-E22AA495FAB4}.Release|Any CPU.Build.0 = Release|Any CPU
		{034B2C29-7B23-4CBF-AD7D-103AF6C8A96D}.Debug|Any CPU.ActiveCfg = Debug|Any CPU
		{034B2C29-7B23-4CBF-AD7D-103AF6C8A96D}.Debug|Any CPU.Build.0 = Debug|Any CPU
		{034B2C29-7B23-4CBF-AD7D-103AF6C8A96D}.Release|Any CPU.ActiveCfg = Release|Any CPU
		{034B2C29-7B23-4CBF-AD7D-103AF6C8A96D}.Release|Any CPU.Build.0 = Release|Any CPU
		{A773106F-62D7-4CB4-96F3-B5284E368065}.Debug|Any CPU.ActiveCfg = Debug|Any CPU
		{A773106F-62D7-4CB4-96F3-B5284E368065}.Debug|Any CPU.Build.0 = Debug|Any CPU
		{A773106F-62D7-4CB4-96F3-B5284E368065}.Release|Any CPU.ActiveCfg = Release|Any CPU
		{A773106F-62D7-4CB4-96F3-B5284E368065}.Release|Any CPU.Build.0 = Release|Any CPU
		{F6435B16-B2FD-4B35-8C39-730610ED8B25}.Debug|Any CPU.ActiveCfg = Debug|Any CPU
		{F6435B16-B2FD-4B35-8C39-730610ED8B25}.Debug|Any CPU.Build.0 = Debug|Any CPU
		{F6435B16-B2FD-4B35-8C39-730610ED8B25}.Release|Any CPU.ActiveCfg = Release|Any CPU
		{F6435B16-B2FD-4B35-8C39-730610ED8B25}.Release|Any CPU.Build.0 = Release|Any CPU
		{89BEF885-10C8-4471-A798-5409F546C12D}.Debug|Any CPU.ActiveCfg = Debug|Any CPU
		{89BEF885-10C8-4471-A798-5409F546C12D}.Debug|Any CPU.Build.0 = Debug|Any CPU
		{89BEF885-10C8-4471-A798-5409F546C12D}.Release|Any CPU.ActiveCfg = Release|Any CPU
		{89BEF885-10C8-4471-A798-5409F546C12D}.Release|Any CPU.Build.0 = Release|Any CPU
		{A6977135-F812-4B6E-91CD-E2AB9A0227BB}.Debug|Any CPU.ActiveCfg = Debug|Any CPU
		{A6977135-F812-4B6E-91CD-E2AB9A0227BB}.Debug|Any CPU.Build.0 = Debug|Any CPU
		{A6977135-F812-4B6E-91CD-E2AB9A0227BB}.Release|Any CPU.ActiveCfg = Release|Any CPU
		{A6977135-F812-4B6E-91CD-E2AB9A0227BB}.Release|Any CPU.Build.0 = Release|Any CPU
		{D64C16C0-637D-4C14-8A2D-35B5583F2009}.Debug|Any CPU.ActiveCfg = Debug|Any CPU
		{D64C16C0-637D-4C14-8A2D-35B5583F2009}.Debug|Any CPU.Build.0 = Debug|Any CPU
		{D64C16C0-637D-4C14-8A2D-35B5583F2009}.Release|Any CPU.ActiveCfg = Release|Any CPU
		{D64C16C0-637D-4C14-8A2D-35B5583F2009}.Release|Any CPU.Build.0 = Release|Any CPU
		{151DBDA4-7E56-483B-B5F7-0586D5640EFC}.Debug|Any CPU.ActiveCfg = Debug|Any CPU
		{151DBDA4-7E56-483B-B5F7-0586D5640EFC}.Debug|Any CPU.Build.0 = Debug|Any CPU
		{151DBDA4-7E56-483B-B5F7-0586D5640EFC}.Release|Any CPU.ActiveCfg = Release|Any CPU
		{151DBDA4-7E56-483B-B5F7-0586D5640EFC}.Release|Any CPU.Build.0 = Release|Any CPU
		{26263C1D-06C8-483F-BC3D-7E8049EA11CF}.Debug|Any CPU.ActiveCfg = Debug|Any CPU
		{26263C1D-06C8-483F-BC3D-7E8049EA11CF}.Debug|Any CPU.Build.0 = Debug|Any CPU
		{26263C1D-06C8-483F-BC3D-7E8049EA11CF}.Release|Any CPU.ActiveCfg = Release|Any CPU
		{26263C1D-06C8-483F-BC3D-7E8049EA11CF}.Release|Any CPU.Build.0 = Release|Any CPU
		{976725DE-6104-45C3-9F9B-812F24F1C48D}.Debug|Any CPU.ActiveCfg = Debug|Any CPU
		{976725DE-6104-45C3-9F9B-812F24F1C48D}.Debug|Any CPU.Build.0 = Debug|Any CPU
		{976725DE-6104-45C3-9F9B-812F24F1C48D}.Release|Any CPU.ActiveCfg = Release|Any CPU
		{976725DE-6104-45C3-9F9B-812F24F1C48D}.Release|Any CPU.Build.0 = Release|Any CPU
		{9D2332D4-FD1D-4482-B27F-E595BC8A2846}.Debug|Any CPU.ActiveCfg = Debug|Any CPU
		{9D2332D4-FD1D-4482-B27F-E595BC8A2846}.Debug|Any CPU.Build.0 = Debug|Any CPU
		{9D2332D4-FD1D-4482-B27F-E595BC8A2846}.Release|Any CPU.ActiveCfg = Release|Any CPU
		{9D2332D4-FD1D-4482-B27F-E595BC8A2846}.Release|Any CPU.Build.0 = Release|Any CPU
		{9692FDB9-C9E8-4C76-A7A9-B3EE2FC9F4B4}.Debug|Any CPU.ActiveCfg = Debug|Any CPU
		{9692FDB9-C9E8-4C76-A7A9-B3EE2FC9F4B4}.Debug|Any CPU.Build.0 = Debug|Any CPU
		{9692FDB9-C9E8-4C76-A7A9-B3EE2FC9F4B4}.Release|Any CPU.ActiveCfg = Release|Any CPU
		{9692FDB9-C9E8-4C76-A7A9-B3EE2FC9F4B4}.Release|Any CPU.Build.0 = Release|Any CPU
		{53D563E3-5B88-48C8-9196-8BA7BEC28806}.Debug|Any CPU.ActiveCfg = Debug|Any CPU
		{53D563E3-5B88-48C8-9196-8BA7BEC28806}.Debug|Any CPU.Build.0 = Debug|Any CPU
		{53D563E3-5B88-48C8-9196-8BA7BEC28806}.Release|Any CPU.ActiveCfg = Release|Any CPU
		{53D563E3-5B88-48C8-9196-8BA7BEC28806}.Release|Any CPU.Build.0 = Release|Any CPU
		{7D4679E8-E393-40FF-BF6D-1293E6CB5894}.Debug|Any CPU.ActiveCfg = Debug|Any CPU
		{7D4679E8-E393-40FF-BF6D-1293E6CB5894}.Debug|Any CPU.Build.0 = Debug|Any CPU
		{7D4679E8-E393-40FF-BF6D-1293E6CB5894}.Release|Any CPU.ActiveCfg = Release|Any CPU
		{7D4679E8-E393-40FF-BF6D-1293E6CB5894}.Release|Any CPU.Build.0 = Release|Any CPU
		{EFB84BFB-8858-415B-A2C4-9321F905BDBF}.Debug|Any CPU.ActiveCfg = Debug|Any CPU
		{EFB84BFB-8858-415B-A2C4-9321F905BDBF}.Debug|Any CPU.Build.0 = Debug|Any CPU
		{EFB84BFB-8858-415B-A2C4-9321F905BDBF}.Release|Any CPU.ActiveCfg = Release|Any CPU
		{EFB84BFB-8858-415B-A2C4-9321F905BDBF}.Release|Any CPU.Build.0 = Release|Any CPU
	EndGlobalSection
	GlobalSection(SolutionProperties) = preSolution
		HideSolutionNode = FALSE
	EndGlobalSection
	GlobalSection(NestedProjects) = preSolution
		{89BEF885-10C8-4471-A798-5409F546C12D} = {9CDF227A-443F-4214-BFBE-3A107F4B1114}
		{A6977135-F812-4B6E-91CD-E2AB9A0227BB} = {9CDF227A-443F-4214-BFBE-3A107F4B1114}
		{D64C16C0-637D-4C14-8A2D-35B5583F2009} = {9CDF227A-443F-4214-BFBE-3A107F4B1114}
		{151DBDA4-7E56-483B-B5F7-0586D5640EFC} = {9CDF227A-443F-4214-BFBE-3A107F4B1114}
		{26263C1D-06C8-483F-BC3D-7E8049EA11CF} = {9CDF227A-443F-4214-BFBE-3A107F4B1114}
		{976725DE-6104-45C3-9F9B-812F24F1C48D} = {9CDF227A-443F-4214-BFBE-3A107F4B1114}
		{9D2332D4-FD1D-4482-B27F-E595BC8A2846} = {9CDF227A-443F-4214-BFBE-3A107F4B1114}
		{9692FDB9-C9E8-4C76-A7A9-B3EE2FC9F4B4} = {9CDF227A-443F-4214-BFBE-3A107F4B1114}
		{53D563E3-5B88-48C8-9196-8BA7BEC28806} = {9CDF227A-443F-4214-BFBE-3A107F4B1114}
		{7D4679E8-E393-40FF-BF6D-1293E6CB5894} = {9CDF227A-443F-4214-BFBE-3A107F4B1114}
		{EFB84BFB-8858-415B-A2C4-9321F905BDBF} = {9CDF227A-443F-4214-BFBE-3A107F4B1114}
	EndGlobalSection
EndGlobal
